<?xml version="1.0" encoding="utf-8"?>
<Project xmlns="http://schemas.microsoft.com/developer/msbuild/2003">
  <ItemGroup>
    <Filter Include="Form Files">
      <UniqueIdentifier>{99349809-55BA-4b9d-BF79-8FDBB0286EB3}</UniqueIdentifier>
      <Extensions>ui</Extensions>
      <ParseFiles>false</ParseFiles>
    </Filter>
    <Filter Include="Form Files">
      <UniqueIdentifier>{99349809-55BA-4b9d-BF79-8FDBB0286EB3}</UniqueIdentifier>
      <Extensions>ui</Extensions>
      <ParseFiles>false</ParseFiles>
    </Filter>
    <Filter Include="Generated Files">
      <UniqueIdentifier>{71ED8ED8-ACB9-4CE9-BBE1-E00B30144E11}</UniqueIdentifier>
      <Extensions>cpp;c;cxx;moc;h;def;odl;idl;res;</Extensions>
    </Filter>
    <Filter Include="Generated Files">
      <UniqueIdentifier>{71ED8ED8-ACB9-4CE9-BBE1-E00B30144E11}</UniqueIdentifier>
      <Extensions>cpp;c;cxx;moc;h;def;odl;idl;res;</Extensions>
    </Filter>
    <Filter Include="Header Files">
      <UniqueIdentifier>{93995380-89BD-4b04-88EB-625FBE52EBFB}</UniqueIdentifier>
      <Extensions>h;hpp;hxx;hm;inl;inc;xsd</Extensions>
    </Filter>
    <Filter Include="Header Files">
      <UniqueIdentifier>{93995380-89BD-4b04-88EB-625FBE52EBFB}</UniqueIdentifier>
      <Extensions>h;hpp;hxx;hm;inl;inc;xsd</Extensions>
    </Filter>
    <Filter Include="Source Files">
      <UniqueIdentifier>{4FC737F1-C7A5-4376-A066-2A32D752A2FF}</UniqueIdentifier>
      <Extensions>cpp;c;cxx;def;odl;idl;hpj;bat;asm;asmx</Extensions>
    </Filter>
    <Filter Include="Source Files">
      <UniqueIdentifier>{4FC737F1-C7A5-4376-A066-2A32D752A2FF}</UniqueIdentifier>
      <Extensions>cpp;c;cxx;def;odl;idl;hpj;bat;asm;asmx</Extensions>
    </Filter>
    <Filter Include="src">
      <UniqueIdentifier>{49d967ea-4887-4221-876a-e30bf4088b89}</UniqueIdentifier>
    </Filter>
    <Filter Include="src\core">
      <UniqueIdentifier>{654374d9-4049-4d17-b357-72bfdd3a8fe2}</UniqueIdentifier>
    </Filter>
  </ItemGroup>
  <ItemGroup>
    <ClCompile Include="main.cpp">
      <Filter>Source Files</Filter>
    </ClCompile>
    <ClCompile Include="mainwindow.cpp">
      <Filter>Source Files</Filter>
    </ClCompile>
    <ClCompile Include=".\gamedebuger_plugin_import.cpp">
      <Filter>Generated Files</Filter>
    </ClCompile>
    <ClCompile Include="src\TabCpu.cpp">
      <Filter>src</Filter>
    </ClCompile>
    <ClCompile Include="DialogProcessList.cpp">
      <Filter>Source Files</Filter>
    </ClCompile>
    <ClCompile Include="dialogjumptoaddress.cpp">
      <Filter>Source Files</Filter>
    </ClCompile>
    <ClCompile Include="src\core\ParseProcess.cpp">
      <Filter>src\core</Filter>
    </ClCompile>
    <ClCompile Include="src\core\Debuger.cpp">
      <Filter>src\core</Filter>
    </ClCompile>
    <ClCompile Include="src\TabModules.cpp">
      <Filter>src</Filter>
    </ClCompile>
    <ClCompile Include="src\core\ImpPeparse.cpp">
      <Filter>src\core</Filter>
    </ClCompile>
    <ClCompile Include="src\TabMemory.cpp">
      <Filter>src</Filter>
    </ClCompile>
    <ClCompile Include="src\TabStack.cpp">
      <Filter>src</Filter>
    </ClCompile>
  </ItemGroup>
  <ItemGroup>
    <QtMoc Include="mainwindow.h">
      <Filter>Header Files</Filter>
    </QtMoc>
    <QtMoc Include="DialogProcessList.h">
      <Filter>Header Files</Filter>
    </QtMoc>
    <QtMoc Include="dialogjumptoaddress.h">
      <Filter>Header Files</Filter>
    </QtMoc>
  </ItemGroup>
  <ItemGroup>
    <CustomBuild Include="debug\moc_predefs.h.cbt">
      <Filter>Generated Files</Filter>
    </CustomBuild>
    <CustomBuild Include="release\moc_predefs.h.cbt">
      <Filter>Generated Files</Filter>
    </CustomBuild>
  </ItemGroup>
  <ItemGroup>
    <QtUic Include="mainwindow.ui">
      <Filter>Form Files</Filter>
    </QtUic>
    <QtUic Include="dialogprocesslist.ui">
      <Filter>Form Files</Filter>
    </QtUic>
    <QtUic Include="dialogjumptoaddress.ui">
      <Filter>Form Files</Filter>
    </QtUic>
  </ItemGroup>
  <ItemGroup>
    <ClInclude Include="GeneratedFiles\ui_mainwindow.h">
      <Filter>Generated Files</Filter>
    </ClInclude>
    <ClInclude Include="src\TabCpu.h">
      <Filter>src</Filter>
    </ClInclude>
    <ClInclude Include="src\core\ParseProcess.h">
      <Filter>src\core</Filter>
    </ClInclude>
    <ClInclude Include="src\core\Debuger.h">
      <Filter>src\core</Filter>
    </ClInclude>
    <ClInclude Include="src\TabModules.h">
      <Filter>src</Filter>
    </ClInclude>
    <ClInclude Include="src\core\ImpPeparse.h">
      <Filter>src\core</Filter>
    </ClInclude>
    <ClInclude Include="src\TabMemory.h">
      <Filter>src</Filter>
    </ClInclude>
    <ClInclude Include="src\TabStack.h">
      <Filter>src</Filter>
    </ClInclude>
  </ItemGroup>
</Project>